version = 1
revision = 3
requires-python = ">=3.14"

[[package]]
name = "affine"
version = "2.4.0"
source = { registry = "https://pypi.org/simple" }
sdist = { url = "https://files.pythonhosted.org/packages/69/98/d2f0bb06385069e799fc7d2870d9e078cfa0fa396dc8a2b81227d0da08b9/affine-2.4.0.tar.gz", hash = "sha256:a24d818d6a836c131976d22f8c27b8d3ca32d0af64c1d8d29deb7bafa4da1eea", size = 17132, upload-time = "2023-01-19T23:44:30.696Z" }
wheels = [
    { url = "https://files.pythonhosted.org/packages/0b/f7/85273299ab57117850cc0a936c64151171fac4da49bc6fba0dad984a7c5f/affine-2.4.0-py3-none-any.whl", hash = "sha256:8a3df80e2b2378aef598a83c1392efd47967afec4242021a0b06b4c7cbc61a92", size = 15662, upload-time = "2023-01-19T23:44:28.833Z" },
]

[[package]]
name = "attrs"
version = "26.1.0"
source = { registry = "https://pypi.org/simple" }
sdist = { url = "https://files.pythonhosted.org/packages/9a/8e/82a0fe20a541c03148528be8cac2408564a6c9a0cc7e9171802bc1d26985/attrs-26.1.0.tar.gz", hash = "sha256:d03ceb89cb322a8fd706d4fb91940737b6642aa36998fe130a9bc96c985eff32", size = 952055, upload-time = "2026-03-19T14:22:25.026Z" }
wheels = [
    { url = "https://files.pythonhosted.org/packages/64/b4/17d4b0b2a2dc85a6df63d1157e028ed19f90d4cd97c36717afef2bc2f395/attrs-26.1.0-py3-none-any.whl", hash = "sha256:c647aa4a12dfbad9333ca4e71fe62ddc36f4e63b2d260a37a8b83d2f043ac309", size = 67548, upload-time = "2026-03-19T14:22:23.645Z" },
]

[[package]]
name = "certifi"
version = "2026.5.20"
source = { registry = "https://pypi.org/simple" }
sdist = { url = "https://files.pythonhosted.org/packages/f3/ce/ee2ecad540810a79593028e88299baeae54d346cc7a0d94b6199988b89b1/certifi-2026.5.20.tar.gz", hash = "sha256:69dea482ab64caa7b9f6aba1c6bf48bb6a5448d1c0f1b17ab42ad8c763a5344d", size = 135422, upload-time = "2026-05-20T11:46:50.073Z" }
wheels = [
    { url = "https://files.pythonhosted.org/packages/59/8c/57e832b7af6d7c5abe66eb3fbe3a3a32f4d11ea23a1aa7131371035be991/certifi-2026.5.20-py3-none-any.whl", hash = "sha256:3c52e209ba0a4ad7aebe60436a4ab349c39e1e602e8c134221e546902ad25897", size = 134134, upload-time = "2026-05-20T11:46:48.578Z" },
]

[[package]]
name = "click"
version = "8.4.1"
source = { registry = "https://pypi.org/simple" }
dependencies = [
    { name = "colorama", marker = "sys_platform == 'win32'" },
]
sdist = { url = "https://files.pythonhosted.org/packages/9b/98/518d8e5081007684232226f475082b30087d0f585e8457db087298259f49/click-8.4.1.tar.gz", hash = "sha256:918b5633eddf6b41c32d4f454bf0de810065c74e3f7dbf8ee5452f8be88d3e96", size = 353007, upload-time = "2026-05-22T04:08:37.769Z" }
wheels = [
    { url = "https://files.pythonhosted.org/packages/c7/0d/67e5b4109ea4a837e80daa87c2c696711955e40449a97e8926672534def2/click-8.4.1-py3-none-any.whl", hash = "sha256:482be17c6991b8c19c5429a1e995d9b0efdbb63172824c41f99965dc0ade8ec2", size = 116639, upload-time = "2026-05-22T04:08:35.26Z" },
]

[[package]]
name = "cligj"
version = "0.7.2"
source = { registry = "https://pypi.org/simple" }
dependencies = [
    { name = "click" },
]
sdist = { url = "https://files.pythonhosted.org/packages/ea/0d/837dbd5d8430fd0f01ed72c4cfb2f548180f4c68c635df84ce87956cff32/cligj-0.7.2.tar.gz", hash = "sha256:a4bc13d623356b373c2c27c53dbd9c68cae5d526270bfa71f6c6fa69669c6b27", size = 9803, upload-time = "2021-05-28T21:23:27.935Z" }
wheels = [
    { url = "https://files.pythonhosted.org/packages/73/86/43fa9f15c5b9fb6e82620428827cd3c284aa933431405d1bcf5231ae3d3e/cligj-0.7.2-py3-none-any.whl", hash = "sha256:c1ca117dbce1fe20a5809dc96f01e1c2840f6dcc939b3ddbb1111bf330ba82df", size = 7069, upload-time = "2021-05-28T21:23:26.877Z" },
]

[[package]]
name = "colorama"
version = "0.4.6"
source = { registry = "https://pypi.org/simple" }
sdist = { url = "https://files.pythonhosted.org/packages/d8/53/6f443c9a4a8358a93a6792e2acffb9d9d5cb0a5cfd8802644b7b1c9a02e4/colorama-0.4.6.tar.gz", hash = "sha256:08695f5cb7ed6e0531a20572697297273c47b8cae5a63ffc6d6ed5c201be6e44", size = 27697, upload-time = "2022-10-25T02:36:22.414Z" }
wheels = [
    { url = "https://files.pythonhosted.org/packages/d1/d6/3965ed04c63042e047cb6a3e6ed1a63a35087b6a609aa3a15ed8ac56c221/colorama-0.4.6-py2.py3-none-any.whl", hash = "sha256:4f1d9991f5acc0ca119f9d443620b77f9d6b33703e51011c16baf57afb285fc6", size = 25335, upload-time = "2022-10-25T02:36:20.889Z" },
]

[[package]]
name = "curves"
version = "0.1.0"
source = { virtual = "." }
dependencies = [
    { name = "poethepoet" },
    { name = "rasterio" },
    { name = "ruff" },
]

[package.metadata]
requires-dist = [
    { name = "poethepoet", specifier = ">=0.46.0" },
    { name = "rasterio", specifier = ">=1.5.0" },
    { name = "ruff", specifier = ">=0.15.17" },
]

[[package]]
name = "numpy"
version = "2.4.6"
source = { registry = "https://pypi.org/simple" }
sdist = { url = "https://files.pythonhosted.org/packages/d0/ad/fed0499ce6a338d2a03ebae59cd15093910c8875328855781952abf6c2fe/numpy-2.4.6.tar.gz", hash = "sha256:f3a3570c4a2a16746ac2c31a7c7c7b0c186b95ce902e33db6f28094ed7387dda", size = 20735807, upload-time = "2026-05-18T23:37:14.07Z" }
wheels = [
    { url = "https://files.pythonhosted.org/packages/f8/91/3ab2044d05fd16d343c5ac2e69b127f1b2854040dd20b193257c78028bd3/numpy-2.4.6-cp314-cp314-macosx_10_15_x86_64.whl", hash = "sha256:06ca2f61ec4385a07a6977c55ba998a4466c123642b4a32694d3128fce18c079", size = 16683458, upload-time = "2026-05-18T23:35:38.353Z" },
    { url = "https://files.pythonhosted.org/packages/8e/62/764ce66fa4147ae6d73071a3abf804ffe606f174618697c571acdf26a7c9/numpy-2.4.6-cp314-cp314-macosx_11_0_arm64.whl", hash = "sha256:38efbc8de75c7a0fc1ac190162d892787f3f47b57cc291231aafee36b80982b7", size = 14704559, upload-time = "2026-05-18T23:35:42.14Z" },
    { url = "https://files.pythonhosted.org/packages/60/61/23f27c172f022e04025b7dc2367f4d63c1a398120607ec896228649a6f48/numpy-2.4.6-cp314-cp314-macosx_14_0_arm64.whl", hash = "sha256:d581b735e177fdcdce6fed8e7e8880a3fb6ee4e3653a3ac6af01c6f4c03effc5", size = 5209716, upload-time = "2026-05-18T23:35:45.377Z" },
    { url = "https://files.pythonhosted.org/packages/03/71/21cf70dc6ea3e3acb95fc53a265b2fc248b981f0194ceb5b475271b8809d/numpy-2.4.6-cp314-cp314-macosx_14_0_x86_64.whl", hash = "sha256:0a041d3d761dc3c35cc56ce0351506a02bcbc25f7b169f652435141a17db9096", size = 6543947, upload-time = "2026-05-18T23:35:47.926Z" },
    { url = "https://files.pythonhosted.org/packages/d5/91/64288395ee1799bd2e0b04a305dce9666da90c961e1f3fe982a05ee1c036/numpy-2.4.6-cp314-cp314-manylinux_2_27_aarch64.manylinux_2_28_aarch64.whl", hash = "sha256:40fdc1ae7125e518ea98e53e69a4ebc27e1fd50510c47b7ea130cf21e5e1d42b", size = 15685197, upload-time = "2026-05-18T23:35:50.863Z" },
    { url = "https://files.pythonhosted.org/packages/f3/eb/ebffaa97dc55502df69584a8f0dcf07f69a3e0b3e2323670a2722db9aa39/numpy-2.4.6-cp314-cp314-manylinux_2_27_x86_64.manylinux_2_28_x86_64.whl", hash = "sha256:a2c306dea656c12c68f51f4cea133cbe78ca7435eb28c735eac1d3ebe73be6e8", size = 16638245, upload-time = "2026-05-18T23:35:54.752Z" },
    { url = "https://files.pythonhosted.org/packages/b8/0b/54f9da33128d7e350fab89c7455902eeae70349ee52bddb448dc4a576f45/numpy-2.4.6-cp314-cp314-musllinux_1_2_aarch64.whl", hash = "sha256:33111801a01c12a8a1e3721f0a9232f8cfc8ae2c6b7098167e6f623c6073f402", size = 17036587, upload-time = "2026-05-18T23:35:58.355Z" },
    { url = "https://files.pythonhosted.org/packages/b6/f0/fdebc1052db1cc37c64beb22072d67cd6d1c71adca1299f53dec2b5e20d3/numpy-2.4.6-cp314-cp314-musllinux_1_2_x86_64.whl", hash = "sha256:ae506e6902902557576a26ff33eda8695e7ecb3cb36c3b573a0765dee114ebdb", size = 18363226, upload-time = "2026-05-18T23:36:02.845Z" },
    { url = "https://files.pythonhosted.org/packages/aa/b4/298628d98c72b57e57f7165ae6a481a1deaf6f3c28262a6e4c739c275930/numpy-2.4.6-cp314-cp314-win32.whl", hash = "sha256:aaf159caa35993cb1f56fb9b8e4610d35758e7ca005412eb1daa856a78c9c4b1", size = 6010196, upload-time = "2026-05-18T23:36:05.92Z" },
    { url = "https://files.pythonhosted.org/packages/df/ac/46de6dda46478f7942f839e094970be2d4a861e005c4b3bf07c92e291a09/numpy-2.4.6-cp314-cp314-win_amd64.whl", hash = "sha256:b507f5c4c1d508876d1819b6bf9a49d365b96320b5d4993426b33a23ca4b8261", size = 12450334, upload-time = "2026-05-18T23:36:09.107Z" },
    { url = "https://files.pythonhosted.org/packages/78/92/b8b798ac784102c0da830d2257d59358e3d3d90d1e2b3f2575dad976c5cf/numpy-2.4.6-cp314-cp314-win_arm64.whl", hash = "sha256:6f41ae150c4e32db4f3310cdaf64b1593a03dbabe29eec77fc9b50fe64061df6", size = 10495678, upload-time = "2026-05-18T23:36:12.766Z" },
    { url = "https://files.pythonhosted.org/packages/30/34/ec28d1aa8115971537c01469ab2011ee96827930f0a124de1000cc2a7ed7/numpy-2.4.6-cp314-cp314t-macosx_11_0_arm64.whl", hash = "sha256:ece3d2cfe132e7d51f44a832b303895e6f2d499c5e74dfbdb06ee246147a304a", size = 14823672, upload-time = "2026-05-18T23:36:16.473Z" },
    { url = "https://files.pythonhosted.org/packages/16/bd/f6d1fede4e54e8042a7ff97bb495510f3c220f94bcd9e8b228e87c92cc0d/numpy-2.4.6-cp314-cp314t-macosx_14_0_arm64.whl", hash = "sha256:e3e5193ef5a3dc73bceee50f7fdc2c90dbb76c42df8d8fae3d1067a583df579e", size = 5328731, upload-time = "2026-05-18T23:36:19.767Z" },
    { url = "https://files.pythonhosted.org/packages/f4/f0/e105b9e2fd728a9910103884decd6951d9dd73896b914a98d9a231de02ee/numpy-2.4.6-cp314-cp314t-macosx_14_0_x86_64.whl", hash = "sha256:17f9ade344e7d9b464a084d69bcf18fc691cb1db67c62ed80820bf4926d78f0e", size = 6649805, upload-time = "2026-05-18T23:36:22.266Z" },
    { url = "https://files.pythonhosted.org/packages/82/dd/1206a7ca6ab15e3f02069707ca96222e202af681bb73756da7527f3cb837/numpy-2.4.6-cp314-cp314t-manylinux_2_27_aarch64.manylinux_2_28_aarch64.whl", hash = "sha256:9cd5ffd25db4e7ba6a375693b3fc0fc1791ec636c17db3720da19bde7180ec43", size = 15730496, upload-time = "2026-05-18T23:36:25.713Z" },
    { url = "https://files.pythonhosted.org/packages/51/e7/38d3ea825dcab85a591734decb2f6c67caa7c8367d374df1a1c3842f9b07/numpy-2.4.6-cp314-cp314t-manylinux_2_27_x86_64.manylinux_2_28_x86_64.whl", hash = "sha256:7d92c3819208a60205a12a245c91ad70cb0a85336659b19b834205573ac8456e", size = 16679616, upload-time = "2026-05-18T23:36:29.652Z" },
    { url = "https://files.pythonhosted.org/packages/93/b7/caabfdf53edf663e0b4eb74d7d405d83baef09eb5e83bcd32d601d72b93e/numpy-2.4.6-cp314-cp314t-musllinux_1_2_aarch64.whl", hash = "sha256:e85b752a1e912b70eaad4fafbd4d1238007ab221de2009b9a2f5ae7461239895", size = 17085145, upload-time = "2026-05-18T23:36:33.449Z" },
    { url = "https://files.pythonhosted.org/packages/f9/45/68d7c33a6bcf3e5aa3bdbd57a367e6f615286dfd6482f97e8ffeb734306e/numpy-2.4.6-cp314-cp314t-musllinux_1_2_x86_64.whl", hash = "sha256:29cb7f67d10b479ff07c17d33e39f78c07f71c40ef30d63c153d340e96cd3fb4", size = 18403813, upload-time = "2026-05-18T23:36:37.369Z" },
    { url = "https://files.pythonhosted.org/packages/9c/50/0753655aa844c99cd9e018aacf76f130f1bd81d881bb74bc0aef5d73a8ba/numpy-2.4.6-cp314-cp314t-win32.whl", hash = "sha256:260a5d70215b61ab4fadf5c7baacd64821842975eea312125ed3c39a6391b063", size = 6156982, upload-time = "2026-05-18T23:36:40.817Z" },
    { url = "https://files.pythonhosted.org/packages/b2/d4/7c67becf668f973cb490cec3e98dfd799d866f9c989a54d355672cfa0db6/numpy-2.4.6-cp314-cp314t-win_amd64.whl", hash = "sha256:81a1cca95ed5bb92aa8b10dd2cdc9a0d3853a50fad926c28b5d7e8ea54389627", size = 12638908, upload-time = "2026-05-18T23:36:43.996Z" },
    { url = "https://files.pythonhosted.org/packages/43/bb/e1c71a4295b1b1d1393d50dbb4f2a36283c6859d9d3892e84f00ec5a91d5/numpy-2.4.6-cp314-cp314t-win_arm64.whl", hash = "sha256:0c9136e14ed34a9e343a31c533d78a9813a69a3148332bce5e9821cb2f996e66", size = 10565867, upload-time = "2026-05-18T23:36:47.114Z" },
]

[[package]]
name = "pastel"
version = "0.2.1"
source = { registry = "https://pypi.org/simple" }
sdist = { url = "https://files.pythonhosted.org/packages/76/f1/4594f5e0fcddb6953e5b8fe00da8c317b8b41b547e2b3ae2da7512943c62/pastel-0.2.1.tar.gz", hash = "sha256:e6581ac04e973cac858828c6202c1e1e81fee1dc7de7683f3e1ffe0bfd8a573d", size = 7555, upload-time = "2020-09-16T19:21:12.43Z" }
wheels = [
    { url = "https://files.pythonhosted.org/packages/aa/18/a8444036c6dd65ba3624c63b734d3ba95ba63ace513078e1580590075d21/pastel-0.2.1-py2.py3-none-any.whl", hash = "sha256:4349225fcdf6c2bb34d483e523475de5bb04a5c10ef711263452cb37d7dd4364", size = 5955, upload-time = "2020-09-16T19:21:11.409Z" },
]

[[package]]
name = "poethepoet"
version = "0.46.0"
source = { registry = "https://pypi.org/simple" }
dependencies = [
    { name = "pastel" },
    { name = "pyyaml" },
]
sdist = { url = "https://files.pythonhosted.org/packages/3b/f5/d501fcb67e450fd3fae9db06050420c0c6043758cfa8c30ba40278211265/poethepoet-0.46.0.tar.gz", hash = "sha256:daf8469031879ef59ef0b34fdba83574d65e41eb9186e20cd0f7c89ce479b030", size = 117276, upload-time = "2026-05-15T15:52:02.548Z" }
wheels = [
    { url = "https://files.pythonhosted.org/packages/af/01/a9d6ea30351919298d3dc237172ae6a60ce0224ecaaee289b671ab979c13/poethepoet-0.46.0-py3-none-any.whl", hash = "sha256:dc6d770a14792d124abac9066c5a707876027d1878ac9ca26cf57e9b2a96dc89", size = 150581, upload-time = "2026-05-15T15:52:01.118Z" },
]

[[package]]
name = "pyparsing"
version = "3.3.2"
source = { registry = "https://pypi.org/simple" }
sdist = { url = "https://files.pythonhosted.org/packages/f3/91/9c6ee907786a473bf81c5f53cf703ba0957b23ab84c264080fb5a450416f/pyparsing-3.3.2.tar.gz", hash = "sha256:c777f4d763f140633dcb6d8a3eda953bf7a214dc4eff598413c070bcdc117cbc", size = 6851574, upload-time = "2026-01-21T03:57:59.36Z" }
wheels = [
    { url = "https://files.pythonhosted.org/packages/10/bd/c038d7cc38edc1aa5bf91ab8068b63d4308c66c4c8bb3cbba7dfbc049f9c/pyparsing-3.3.2-py3-none-any.whl", hash = "sha256:850ba148bd908d7e2411587e247a1e4f0327839c40e2e5e6d05a007ecc69911d", size = 122781, upload-time = "2026-01-21T03:57:55.912Z" },
]

[[package]]
name = "pyyaml"
version = "6.0.3"
source = { registry = "https://pypi.org/simple" }
sdist = { url = "https://files.pythonhosted.org/packages/05/8e/961c0007c59b8dd7729d542c61a4d537767a59645b82a0b521206e1e25c2/pyyaml-6.0.3.tar.gz", hash = "sha256:d76623373421df22fb4cf8817020cbb7ef15c725b9d5e45f17e189bfc384190f", size = 130960, upload-time = "2025-09-25T21:33:16.546Z" }
wheels = [
    { url = "https://files.pythonhosted.org/packages/9d/8c/f4bd7f6465179953d3ac9bc44ac1a8a3e6122cf8ada906b4f96c60172d43/pyyaml-6.0.3-cp314-cp314-macosx_10_13_x86_64.whl", hash = "sha256:8d1fab6bb153a416f9aeb4b8763bc0f22a5586065f86f7664fc23339fc1c1fac", size = 181814, upload-time = "2025-09-25T21:32:35.712Z" },
    { url = "https://files.pythonhosted.org/packages/bd/9c/4d95bb87eb2063d20db7b60faa3840c1b18025517ae857371c4dd55a6b3a/pyyaml-6.0.3-cp314-cp314-macosx_11_0_arm64.whl", hash = "sha256:34d5fcd24b8445fadc33f9cf348c1047101756fd760b4dacb5c3e99755703310", size = 173809, upload-time = "2025-09-25T21:32:36.789Z" },
    { url = "https://files.pythonhosted.org/packages/92/b5/47e807c2623074914e29dabd16cbbdd4bf5e9b2db9f8090fa64411fc5382/pyyaml-6.0.3-cp314-cp314-manylinux2014_aarch64.manylinux_2_17_aarch64.manylinux_2_28_aarch64.whl", hash = "sha256:501a031947e3a9025ed4405a168e6ef5ae3126c59f90ce0cd6f2bfc477be31b7", size = 766454, upload-time = "2025-09-25T21:32:37.966Z" },
    { url = "https://files.pythonhosted.org/packages/02/9e/e5e9b168be58564121efb3de6859c452fccde0ab093d8438905899a3a483/pyyaml-6.0.3-cp314-cp314-manylinux2014_s390x.manylinux_2_17_s390x.manylinux_2_28_s390x.whl", hash = "sha256:b3bc83488de33889877a0f2543ade9f70c67d66d9ebb4ac959502e12de895788", size = 836355, upload-time = "2025-09-25T21:32:39.178Z" },
    { url = "https://files.pythonhosted.org/packages/88/f9/16491d7ed2a919954993e48aa941b200f38040928474c9e85ea9e64222c3/pyyaml-6.0.3-cp314-cp314-manylinux2014_x86_64.manylinux_2_17_x86_64.manylinux_2_28_x86_64.whl", hash = "sha256:c458b6d084f9b935061bc36216e8a69a7e293a2f1e68bf956dcd9e6cbcd143f5", size = 794175, upload-time = "2025-09-25T21:32:40.865Z" },
    { url = "https://files.pythonhosted.org/packages/dd/3f/5989debef34dc6397317802b527dbbafb2b4760878a53d4166579111411e/pyyaml-6.0.3-cp314-cp314-musllinux_1_2_aarch64.whl", hash = "sha256:7c6610def4f163542a622a73fb39f534f8c101d690126992300bf3207eab9764", size = 755228, upload-time = "2025-09-25T21:32:42.084Z" },
    { url = "https://files.pythonhosted.org/packages/d7/ce/af88a49043cd2e265be63d083fc75b27b6ed062f5f9fd6cdc223ad62f03e/pyyaml-6.0.3-cp314-cp314-musllinux_1_2_x86_64.whl", hash = "sha256:5190d403f121660ce8d1d2c1bb2ef1bd05b5f68533fc5c2ea899bd15f4399b35", size = 789194, upload-time = "2025-09-25T21:32:43.362Z" },
    { url = "https://files.pythonhosted.org/packages/23/20/bb6982b26a40bb43951265ba29d4c246ef0ff59c9fdcdf0ed04e0687de4d/pyyaml-6.0.3-cp314-cp314-win_amd64.whl", hash = "sha256:4a2e8cebe2ff6ab7d1050ecd59c25d4c8bd7e6f400f5f82b96557ac0abafd0ac", size = 156429, upload-time = "2025-09-25T21:32:57.844Z" },
    { url = "https://files.pythonhosted.org/packages/f4/f4/a4541072bb9422c8a883ab55255f918fa378ecf083f5b85e87fc2b4eda1b/pyyaml-6.0.3-cp314-cp314-win_arm64.whl", hash = "sha256:93dda82c9c22deb0a405ea4dc5f2d0cda384168e466364dec6255b293923b2f3", size = 143912, upload-time = "2025-09-25T21:32:59.247Z" },
    { url = "https://files.pythonhosted.org/packages/7c/f9/07dd09ae774e4616edf6cda684ee78f97777bdd15847253637a6f052a62f/pyyaml-6.0.3-cp314-cp314t-macosx_10_13_x86_64.whl", hash = "sha256:02893d100e99e03eda1c8fd5c441d8c60103fd175728e23e431db1b589cf5ab3", size = 189108, upload-time = "2025-09-25T21:32:44.377Z" },
    { url = "https://files.pythonhosted.org/packages/4e/78/8d08c9fb7ce09ad8c38ad533c1191cf27f7ae1effe5bb9400a46d9437fcf/pyyaml-6.0.3-cp314-cp314t-macosx_11_0_arm64.whl", hash = "sha256:c1ff362665ae507275af2853520967820d9124984e0f7466736aea23d8611fba", size = 183641, upload-time = "2025-09-25T21:32:45.407Z" },
    { url = "https://files.pythonhosted.org/packages/7b/5b/3babb19104a46945cf816d047db2788bcaf8c94527a805610b0289a01c6b/pyyaml-6.0.3-cp314-cp314t-manylinux2014_aarch64.manylinux_2_17_aarch64.manylinux_2_28_aarch64.whl", hash = "sha256:6adc77889b628398debc7b65c073bcb99c4a0237b248cacaf3fe8a557563ef6c", size = 831901, upload-time = "2025-09-25T21:32:48.83Z" },
    { url = "https://files.pythonhosted.org/packages/8b/cc/dff0684d8dc44da4d22a13f35f073d558c268780ce3c6ba1b87055bb0b87/pyyaml-6.0.3-cp314-cp314t-manylinux2014_s390x.manylinux_2_17_s390x.manylinux_2_28_s390x.whl", hash = "sha256:a80cb027f6b349846a3bf6d73b5e95e782175e52f22108cfa17876aaeff93702", size = 861132, upload-time = "2025-09-25T21:32:50.149Z" },
    { url = "https://files.pythonhosted.org/packages/b1/5e/f77dc6b9036943e285ba76b49e118d9ea929885becb0a29ba8a7c75e29fe/pyyaml-6.0.3-cp314-cp314t-manylinux2014_x86_64.manylinux_2_17_x86_64.manylinux_2_28_x86_64.whl", hash = "sha256:00c4bdeba853cc34e7dd471f16b4114f4162dc03e6b7afcc2128711f0eca823c", size = 839261, upload-time = "2025-09-25T21:32:51.808Z" },
    { url = "https://files.pythonhosted.org/packages/ce/88/a9db1376aa2a228197c58b37302f284b5617f56a5d959fd1763fb1675ce6/pyyaml-6.0.3-cp314-cp314t-musllinux_1_2_aarch64.whl", hash = "sha256:66e1674c3ef6f541c35191caae2d429b967b99e02040f5ba928632d9a7f0f065", size = 805272, upload-time = "2025-09-25T21:32:52.941Z" },
    { url = "https://files.pythonhosted.org/packages/da/92/1446574745d74df0c92e6aa4a7b0b3130706a4142b2d1a5869f2eaa423c6/pyyaml-6.0.3-cp314-cp314t-musllinux_1_2_x86_64.whl", hash = "sha256:16249ee61e95f858e83976573de0f5b2893b3677ba71c9dd36b9cf8be9ac6d65", size = 829923, upload-time = "2025-09-25T21:32:54.537Z" },
    { url = "https://files.pythonhosted.org/packages/f0/7a/1c7270340330e575b92f397352af856a8c06f230aa3e76f86b39d01b416a/pyyaml-6.0.3-cp314-cp314t-win_amd64.whl", hash = "sha256:4ad1906908f2f5ae4e5a8ddfce73c320c2a1429ec52eafd27138b7f1cbe341c9", size = 174062, upload-time = "2025-09-25T21:32:55.767Z" },
    { url = "https://files.pythonhosted.org/packages/f1/12/de94a39c2ef588c7e6455cfbe7343d3b2dc9d6b6b2f40c4c6565744c873d/pyyaml-6.0.3-cp314-cp314t-win_arm64.whl", hash = "sha256:ebc55a14a21cb14062aa4162f906cd962b28e2e9ea38f9b4391244cd8de4ae0b", size = 149341, upload-time = "2025-09-25T21:32:56.828Z" },
]

[[package]]
name = "rasterio"
version = "1.5.0"
source = { registry = "https://pypi.org/simple" }
dependencies = [
    { name = "affine" },
    { name = "attrs" },
    { name = "certifi" },
    { name = "click" },
    { name = "cligj" },
    { name = "numpy" },
    { name = "pyparsing" },
]
sdist = { url = "https://files.pythonhosted.org/packages/f6/88/edb4b66b6cb2c13f123af5a3896bf70c0cbe73ab3cd4243cb4eb0212a0f6/rasterio-1.5.0.tar.gz", hash = "sha256:1e0ea56b02eea4989b36edf8e58a5a3ef40e1b7edcb04def2603accd5ab3ee7b", size = 452184, upload-time = "2026-01-05T16:06:47.169Z" }
wheels = [
    { url = "https://files.pythonhosted.org/packages/77/9f/f84dfa54110c1c82f9f4fd929465d12519569b6f5d015273aa0957013b2e/rasterio-1.5.0-cp314-cp314-macosx_14_0_arm64.whl", hash = "sha256:597be8df418d5ba7b6a927b6b9febfcb42b192882448a8d5b2e2e75a1296631f", size = 22788832, upload-time = "2026-01-05T16:06:12.247Z" },
    { url = "https://files.pythonhosted.org/packages/20/f1/de55255c918b17afd7292f793a3500c4aea7e9530b2b3f5b3a57836c7d49/rasterio-1.5.0-cp314-cp314-macosx_15_0_x86_64.whl", hash = "sha256:dd292030d39d685c0b35eddef233e7f1cb8b43052578a3ec97a2da57799693be", size = 24405917, upload-time = "2026-01-05T16:06:14.603Z" },
    { url = "https://files.pythonhosted.org/packages/a9/57/054087a9d5011ad5dfa799277ba8814e41775e1967d37a59ab7b8e2f1876/rasterio-1.5.0-cp314-cp314-manylinux_2_28_aarch64.whl", hash = "sha256:62c3f97a3c72643c74f2d0f310621a09c35c0c412229c327ae6bcc1ee4b9c3bc", size = 35987536, upload-time = "2026-01-05T16:06:17.707Z" },
    { url = "https://files.pythonhosted.org/packages/c9/72/5fbe5f67ae75d7e89ffb718c500d5fecbaa84f6ba354db306de689faf961/rasterio-1.5.0-cp314-cp314-manylinux_2_28_x86_64.whl", hash = "sha256:19577f0f0c5f1158af47b57f73356961cbd1782a5f6ae6f3adf6f2650f4eb369", size = 37408048, upload-time = "2026-01-05T16:06:20.82Z" },
    { url = "https://files.pythonhosted.org/packages/c4/3e/0c4ef19980204bdcbc8f9e084056adebc97916ff4edcc718750ef34e5bf9/rasterio-1.5.0-cp314-cp314-win_amd64.whl", hash = "sha256:015c1ab6e5453312c5e29692752e7ad73568fe4d13567cbd448d7893128cbd2d", size = 30949590, upload-time = "2026-01-05T16:06:23.425Z" },
    { url = "https://files.pythonhosted.org/packages/c2/d8/2e6b81505408926c00e629d7d3d73fd0454213201bd9907450e0fe82f3dd/rasterio-1.5.0-cp314-cp314-win_arm64.whl", hash = "sha256:ff677c0a9d3ba667c067227ef2b76872488b37ff29b061bc3e576fad9baa3286", size = 29337287, upload-time = "2026-01-05T16:06:26.599Z" },
    { url = "https://files.pythonhosted.org/packages/19/49/7b6e6afb28d4e3f69f2229f990ed87dfdc21a3e15ca63b96b2fd9ba17d89/rasterio-1.5.0-cp314-cp314t-macosx_14_0_arm64.whl", hash = "sha256:508251b9c746d8d008771a30c2160ff321bfc3b41f6a1aa8e8ef1dd4a00d97ba", size = 22926149, upload-time = "2026-01-05T16:06:29.617Z" },
    { url = "https://files.pythonhosted.org/packages/24/30/19345d8bc7d2b96c1172594026b9009702e9ab9f0baf07079d3612aaadae/rasterio-1.5.0-cp314-cp314t-macosx_15_0_x86_64.whl", hash = "sha256:742841ed48bc70f6ef517b8fa3521f231780bf408fde0aa6d73770337a36374e", size = 24516040, upload-time = "2026-01-05T16:06:32.964Z" },
    { url = "https://files.pythonhosted.org/packages/9e/43/dc7a4518fa78904bc41952cbf346c3c2a88a20e61b479154058392914c0b/rasterio-1.5.0-cp314-cp314t-manylinux_2_28_aarch64.whl", hash = "sha256:c9a9eee49ce9410c2f352b34c370bb3a96bb518b6a7f97b3a72ee4c835fd4b5c", size = 36589519, upload-time = "2026-01-05T16:06:35.922Z" },
    { url = "https://files.pythonhosted.org/packages/8f/f2/8f706083c6c163054d12c7ed6d5ac4e4ed02252b761288d74e6158871b34/rasterio-1.5.0-cp314-cp314t-manylinux_2_28_x86_64.whl", hash = "sha256:b9fd87a0b63ab5c6267dfb0bc96f54fdf49d000651b9ee85ed37798141cff046", size = 37714599, upload-time = "2026-01-05T16:06:38.818Z" },
    { url = "https://files.pythonhosted.org/packages/a6/d5/bbca726d5fea5864f7e4bcf3ee893095369e93ad51120495e8c40e2aa1a0/rasterio-1.5.0-cp314-cp314t-win_amd64.whl", hash = "sha256:f459db8953ba30ca04fcef2b5e1260eeeff0eae8158bd9c3d6adbe56289765cc", size = 31233931, upload-time = "2026-01-05T16:06:42.208Z" },
    { url = "https://files.pythonhosted.org/packages/6e/d1/8b017856e63ccaff3cbd0e82490dbb01363a42f3a462a41b1d8a391e1443/rasterio-1.5.0-cp314-cp314t-win_arm64.whl", hash = "sha256:f4b9c2c3b5f10469eb9588f105086e68f0279e62cc9095c4edd245e3f9b88c8a", size = 29418321, upload-time = "2026-01-05T16:06:44.758Z" },
]

[[package]]
name = "ruff"
version = "0.15.17"
source = { registry = "https://pypi.org/simple" }
sdist = { url = "https://files.pythonhosted.org/packages/8c/a9/3abdf488f1bf3d24c699415e454ed554a6350d5d89ce183be1ee0a3361ac/ruff-0.15.17.tar.gz", hash = "sha256:2ec446937fd16c8c4de2674a209cc5af64d9c6f17d21fbf1151054fa0bcf5219", size = 4743346, upload-time = "2026-06-11T17:54:47.663Z" }
wheels = [
    { url = "https://files.pythonhosted.org/packages/db/4d/e11259f5da07cb6afb2d074c31bf09da9671993f7329d4f15d2fdc458301/ruff-0.15.17-py3-none-linux_armv6l.whl", hash = "sha256:d9feddb927fc68bd295f5eebc587a7e42cfaf9b65f60ca4a2386febff575da8f", size = 10856677, upload-time = "2026-06-11T17:54:49.533Z" },
    { url = "https://files.pythonhosted.org/packages/29/3e/772d679e1a0dc058e58875bd2c0cb713a0530877b4a76fee3c7966df0d49/ruff-0.15.17-py3-none-macosx_10_12_x86_64.whl", hash = "sha256:25805a226d741c47d274a35ad5c10a7dde175fcddfa511d7cf3da0a21eb3eab7", size = 11223443, upload-time = "2026-06-11T17:55:00.573Z" },
    { url = "https://files.pythonhosted.org/packages/68/58/bd41f7688b2fd5623012605130ed70e60aa7f2244baa3d5066bdd61530c8/ruff-0.15.17-py3-none-macosx_11_0_arm64.whl", hash = "sha256:f6ad73b14c2d18a3bf8ad7cb6974294d7f613a7898604826058e6ac64918ef4d", size = 10566458, upload-time = "2026-06-11T17:55:07.52Z" },
    { url = "https://files.pythonhosted.org/packages/d8/5b/733371013fcf1ec339e477ece6ab42bfe10bdd9bba8ee88a9516aa56bfc0/ruff-0.15.17-py3-none-manylinux_2_17_aarch64.manylinux2014_aarch64.whl", hash = "sha256:6ba0c1e4f95bcb3869d0d30cbd5917071ef2e28665abfec970cdab0492c713ed", size = 10914483, upload-time = "2026-06-11T17:55:05.501Z" },
    { url = "https://files.pythonhosted.org/packages/bd/cc/6f24251cc0252f7239391ccb85833f320efad14ebe5b443943f37ced6332/ruff-0.15.17-py3-none-manylinux_2_17_armv7l.manylinux2014_armv7l.whl", hash = "sha256:81647960f10bff57d2e51cadd0c3950fe598400c852863a038720ef5b8cca91e", size = 10647497, upload-time = "2026-06-11T17:54:57.733Z" },
    { url = "https://files.pythonhosted.org/packages/68/dd/0d10c17ce1a1624d6fc3156309c3f834fdb5dfaad026ec90c85684f3990e/ruff-0.15.17-py3-none-manylinux_2_17_i686.manylinux2014_i686.whl", hash = "sha256:0e01a84ddbc8c16c23055ba3924476850f1bbc1917cebbb9376665a63e74260d", size = 11416967, upload-time = "2026-06-11T17:54:51.461Z" },
    { url = "https://files.pythonhosted.org/packages/2f/91/556bfb156f6144f355e831c23db00b2fc4120f86b3ce81cc5f7fd2df51f3/ruff-0.15.17-py3-none-manylinux_2_17_ppc64le.manylinux2014_ppc64le.whl", hash = "sha256:84fe9f653152f8f294f9f7e03bf3a453d8b4a27f7a59c78c8666167f2b17b96c", size = 12335770, upload-time = "2026-06-11T17:54:45.793Z" },
    { url = "https://files.pythonhosted.org/packages/88/82/8b5999aa13355e926f06d9f42a32dcca862f623bf0363785ff89d607dffd/ruff-0.15.17-py3-none-manylinux_2_17_s390x.manylinux2014_s390x.whl", hash = "sha256:8c0fe88a7676e7a05b73174d4d4a59cb2ac21ff8263583f87a81a6018475a978", size = 11575441, upload-time = "2026-06-11T17:54:32.661Z" },
    { url = "https://files.pythonhosted.org/packages/11/93/f10377bb04109ca0e8cbc483ff1982c54b6d418210041776f93e8cdc7fa9/ruff-0.15.17-py3-none-manylinux_2_17_x86_64.manylinux2014_x86_64.whl", hash = "sha256:ecfc3c7878fff94633ab0348524e093f9ce3243080416dd7d14f8ba400174719", size = 11557614, upload-time = "2026-06-11T17:54:34.698Z" },
    { url = "https://files.pythonhosted.org/packages/c7/a6/eeeae7f7d5493df41649ab3db92f086b2d0a30199e4efdf8e3dd7a033f24/ruff-0.15.17-py3-none-manylinux_2_31_riscv64.whl", hash = "sha256:b8461180b22420b1bdc289909410930761629fddf2a5aaf60fae1ab26cedc4c4", size = 11544450, upload-time = "2026-06-11T17:54:39.042Z" },
    { url = "https://files.pythonhosted.org/packages/32/88/5991ce565129a24dd4a00db1254b3b5db2e53018cbe4018ea5a89738e727/ruff-0.15.17-py3-none-musllinux_1_2_aarch64.whl", hash = "sha256:6eccbe50a038b503e7140b441aa9c7fc8c1f36edf23ebef9f4165c2f28f568b7", size = 10892524, upload-time = "2026-06-11T17:55:09.432Z" },
    { url = "https://files.pythonhosted.org/packages/f5/1d/0fdd248313425f55223968af04b0a42125466a8d88d21c1d99c6af0a51e8/ruff-0.15.17-py3-none-musllinux_1_2_armv7l.whl", hash = "sha256:382fc0521025f5a8ad447d8bdd523545d0d7646adb718eb1c2dac5065ec27c0f", size = 10659573, upload-time = "2026-06-11T17:54:36.824Z" },
    { url = "https://files.pythonhosted.org/packages/9e/0e/072e8260deb9461062ce9311ced27a8e541229a6ffd483013dd37661e43e/ruff-0.15.17-py3-none-musllinux_1_2_i686.whl", hash = "sha256:456d41fcd1b2777ad63f09a6e7121d43f7b688bbc76a800c10f7f8fb1f912c3f", size = 11127818, upload-time = "2026-06-11T17:55:03.124Z" },
    { url = "https://files.pythonhosted.org/packages/ab/b4/55060a34163121498014696b5f656db5b8c6963768f227dbf0d76b311073/ruff-0.15.17-py3-none-musllinux_1_2_x86_64.whl", hash = "sha256:b1a04bcc94ae6194e9db05d16ad31f298a7194bfbcb08258bbe589cee1d587b8", size = 11655901, upload-time = "2026-06-11T17:54:53.562Z" },
    { url = "https://files.pythonhosted.org/packages/49/71/9b29d6b87cef468d697f43c6a91e3fae4a80185779d7d5a4ef27d173439f/ruff-0.15.17-py3-none-win32.whl", hash = "sha256:596065960ab1ff593f744220c9fe6580eda00a95003cffa9f4048bb5b1bf0392", size = 10925574, upload-time = "2026-06-11T17:54:55.723Z" },
    { url = "https://files.pythonhosted.org/packages/3d/b2/8fc77f3723228836fa5d12497eb71c808f83782e10d058d2b15cfa14640b/ruff-0.15.17-py3-none-win_amd64.whl", hash = "sha256:6769e5fa1710b179b92e0bfa5a51735b35baea9013dadb06d5f44cbcf9547084", size = 12058788, upload-time = "2026-06-11T17:54:41.042Z" },
    { url = "https://files.pythonhosted.org/packages/2d/c7/c53e8dbff9c9dc4b7928773421ae294a5d28fcb8dcda1a089579d3a7e510/ruff-0.15.17-py3-none-win_arm64.whl", hash = "sha256:f3be1fbb34bcdfd146240d8fb92a709d4c2c8191348580a3c044ec60fa0b4456", size = 11355275, upload-time = "2026-06-11T17:54:43.635Z" },
]
